
Microsoft Visual Studio Solution File, Format Version 12.00
# Visual Studio 15
VisualStudioVersion = 15.0.27130.2024
MinimumVisualStudioVersion = 10.0.40219.1
Project("{FAE04EC0-301F-11D3-BF4B-00C04F79EFBC}") = "MVCProject", "MVCProject\MVCProject.csproj", "{68DD934F-F242-478A-A38E-4D4CD72934D3}"
EndProject
Project("{FAE04EC0-301F-11D3-BF4B-00C04F79EFBC}") = "WebStoreShared", "WebStoreShared\WebStoreShared.csproj", "{B9170315-FCAB-40C0-9554-D3F9722C5C4D}"
EndProject
Global
	GlobalSection(SolutionConfigurationPlatforms) = preSolution
		Debug|Any CPU = Debug|Any CPU
		Release|Any CPU = Release|Any CPU
	EndGlobalSection
	GlobalSection(ProjectConfigurationPlatforms) = postSolution
		{68DD934F-F242-478A-A38E-4D4CD72934D3}.Debug|Any CPU.ActiveCfg = Debug|Any CPU
		{68DD934F-F242-478A-A38E-4D4CD72934D3}.Debug|Any CPU.Build.0 = Debug|Any CPU
		{68DD934F-F242-478A-A38E-4D4CD72934D3}.Release|Any CPU.ActiveCfg = Release|Any CPU
		{68DD934F-F242-478A-A38E-4D4CD72934D3}.Release|Any CPU.Build.0 = Release|Any CPU
		{B9170315-FCAB-40C0-9554-D3F9722C5C4D}.Debug|Any CPU.ActiveCfg = Debug|Any CPU
		{B9170315-FCAB-40C0-9554-D3F9722C5C4D}.Debug|Any CPU.Build.0 = Debug|Any CPU
		{B9170315-FCAB-40C0-9554-D3F9722C5C4D}.Release|Any CPU.ActiveCfg = Release|Any CPU
		{B9170315-FCAB-40C0-9554-D3F9722C5C4D}.Release|Any CPU.Build.0 = Release|Any CPU
	EndGlobalSection
	GlobalSection(SolutionProperties) = preSolution
		HideSolutionNode = FALSE
	EndGlobalSection
	GlobalSection(ExtensibilityGlobals) = postSolution
		SolutionGuid = {35740C23-BA4F-495D-9C0D-C997A948B7CB}
	EndGlobalSection
EndGlobal
